// !$*UTF8*$!
{
	archiveVersion = 1;
	classes = {
	};
	objectVersion = 56;
	objects = {

/* Begin PBXBuildFile section */
		140369DE2B70443C00A4D0B1 /* background.png in Resources */ = {isa = PBXBuildFile; fileRef = 140369DD2B70443C00A4D0B1 /* background.png */; };
		140369E02B7044C000A4D0B1 /* backgroundBG.png in Resources */ = {isa = PBXBuildFile; fileRef = 140369DF2B7044BF00A4D0B1 /* backgroundBG.png */; };
		140369E22B70486400A4D0B1 /* DisplaySavingsGoalManager.swift in Sources */ = {isa = PBXBuildFile; fileRef = 140369E12B70486400A4D0B1 /* DisplaySavingsGoalManager.swift */; };
		140369E82B705DFD00A4D0B1 /* SavingGoalViewController.swift in Sources */ = {isa = PBXBuildFile; fileRef = 140369E72B705DFD00A4D0B1 /* SavingGoalViewController.swift */; };
		1408F9312B6BB5A00006FE75 /* AppDelegate.swift in Sources */ = {isa = PBXBuildFile; fileRef = 1408F9302B6BB5A00006FE75 /* AppDelegate.swift */; };
		1408F9332B6BB5A00006FE75 /* SceneDelegate.swift in Sources */ = {isa = PBXBuildFile; fileRef = 1408F9322B6BB5A00006FE75 /* SceneDelegate.swift */; };
		1408F9352B6BB5A00006FE75 /* ViewController.swift in Sources */ = {isa = PBXBuildFile; fileRef = 1408F9342B6BB5A00006FE75 /* ViewController.swift */; };
		1408F9382B6BB5A00006FE75 /* Main.storyboard in Resources */ = {isa = PBXBuildFile; fileRef = 1408F9362B6BB5A00006FE75 /* Main.storyboard */; };
		1408F93A2B6BB5A20006FE75 /* Assets.xcassets in Resources */ = {isa = PBXBuildFile; fileRef = 1408F9392B6BB5A20006FE75 /* Assets.xcassets */; };
		1408F93D2B6BB5A20006FE75 /* LaunchScreen.storyboard in Resources */ = {isa = PBXBuildFile; fileRef = 1408F93B2B6BB5A20006FE75 /* LaunchScreen.storyboard */; };
		1408F9472B6BBE070006FE75 /* AccountsManager.swift in Sources */ = {isa = PBXBuildFile; fileRef = 1408F9462B6BBE070006FE75 /* AccountsManager.swift */; };
		1408F9492B6BE5E90006FE75 /* TransactionsManager.swift in Sources */ = {isa = PBXBuildFile; fileRef = 1408F9482B6BE5E90006FE75 /* TransactionsManager.swift */; };
		1408F94B2B6BF4B60006FE75 /* SavingsManager.swift in Sources */ = {isa = PBXBuildFile; fileRef = 1408F94A2B6BF4B60006FE75 /* SavingsManager.swift */; };
		14BB45AD2B712876000E9E5E /* backgr.jpeg in Resources */ = {isa = PBXBuildFile; fileRef = 14BB45AC2B712875000E9E5E /* backgr.jpeg */; };
		14BB45B82B712C09000E9E5E /* StarlingTechChallengeTests.swift in Sources */ = {isa = PBXBuildFile; fileRef = 14BB45B72B712C09000E9E5E /* StarlingTechChallengeTests.swift */; };
		14BB45BF2B712E2F000E9E5E /* SavingsTests.swift in Sources */ = {isa = PBXBuildFile; fileRef = 14BB45BE2B712E2F000E9E5E /* SavingsTests.swift */; };
		14BB45C12B7138C6000E9E5E /* TransactionsTests.swift in Sources */ = {isa = PBXBuildFile; fileRef = 14BB45C02B7138C6000E9E5E /* TransactionsTests.swift */; };
		14BB45C32B713F40000E9E5E /* AccountTests.swift in Sources */ = {isa = PBXBuildFile; fileRef = 14BB45C22B713F40000E9E5E /* AccountTests.swift */; };
		14D41FF92B6EABB400E376F7 /* TransactionAndSavingsGoalData.swift in Sources */ = {isa = PBXBuildFile; fileRef = 14D41FF82B6EABB400E376F7 /* TransactionAndSavingsGoalData.swift */; };
		14D41FFB2B6EDEAF00E376F7 /* TransactionsViewController.swift in Sources */ = {isa = PBXBuildFile; fileRef = 14D41FFA2B6EDEAF00E376F7 /* TransactionsViewController.swift */; };
		14F7489F2B6D735000E128C0 /* TransferMoneyManager.swift in Sources */ = {isa = PBXBuildFile; fileRef = 14F7489E2B6D735000E128C0 /* TransferMoneyManager.swift */; };
/* End PBXBuildFile section */

/* Begin PBXContainerItemProxy section */
		14BB45B92B712C09000E9E5E /* PBXContainerItemProxy */ = {
			isa = PBXContainerItemProxy;
			containerPortal = 1408F9252B6BB59F0006FE75 /* Project object */;
			proxyType = 1;
			remoteGlobalIDString = 1408F92C2B6BB5A00006FE75;
			remoteInfo = StarlingTechChallenge;
		};
/* End PBXContainerItemProxy section */

/* Begin PBXFileReference section */
		140369DD2B70443C00A4D0B1 /* background.png */ = {isa = PBXFileReference; lastKnownFileType = image.png; path = background.png; sourceTree = "<group>"; };
		140369DF2B7044BF00A4D0B1 /* backgroundBG.png */ = {isa = PBXFileReference; lastKnownFileType = image.png; path = backgroundBG.png; sourceTree = "<group>"; };
		140369E12B70486400A4D0B1 /* DisplaySavingsGoalManager.swift */ = {isa = PBXFileReference; lastKnownFileType = sourcecode.swift; path = DisplaySavingsGoalManager.swift; sourceTree = "<group>"; };
		140369E72B705DFD00A4D0B1 /* SavingGoalViewController.swift */ = {isa = PBXFileReference; lastKnownFileType = sourcecode.swift; path = SavingGoalViewController.swift; sourceTree = "<group>"; };
		1408F92D2B6BB5A00006FE75 /* StarlingTechChallenge.app */ = {isa = PBXFileReference; explicitFileType = wrapper.application; includeInIndex = 0; path = StarlingTechChallenge.app; sourceTree = BUILT_PRODUCTS_DIR; };
		1408F9302B6BB5A00006FE75 /* AppDelegate.swift */ = {isa = PBXFileReference; lastKnownFileType = sourcecode.swift; path = AppDelegate.swift; sourceTree = "<group>"; };
		1408F9322B6BB5A00006FE75 /* SceneDelegate.swift */ = {isa = PBXFileReference; lastKnownFileType = sourcecode.swift; path = SceneDelegate.swift; sourceTree = "<group>"; };
		1408F9342B6BB5A00006FE75 /* ViewController.swift */ = {isa = PBXFileReference; lastKnownFileType = sourcecode.swift; path = ViewController.swift; sourceTree = "<group>"; };
		1408F9372B6BB5A00006FE75 /* Base */ = {isa = PBXFileReference; lastKnownFileType = file.storyboard; name = Base; path = Base.lproj/Main.storyboard; sourceTree = "<group>"; };
		1408F9392B6BB5A20006FE75 /* Assets.xcassets */ = {isa = PBXFileReference; lastKnownFileType = folder.assetcatalog; path = Assets.xcassets; sourceTree = "<group>"; };
		1408F93C2B6BB5A20006FE75 /* Base */ = {isa = PBXFileReference; lastKnownFileType = file.storyboard; name = Base; path = Base.lproj/LaunchScreen.storyboard; sourceTree = "<group>"; };
		1408F93E2B6BB5A20006FE75 /* Info.plist */ = {isa = PBXFileReference; lastKnownFileType = text.plist.xml; path = Info.plist; sourceTree = "<group>"; };
		1408F9462B6BBE070006FE75 /* AccountsManager.swift */ = {isa = PBXFileReference; lastKnownFileType = sourcecode.swift; path = AccountsManager.swift; sourceTree = "<group>"; };
		1408F9482B6BE5E90006FE75 /* TransactionsManager.swift */ = {isa = PBXFileReference; lastKnownFileType = sourcecode.swift; path = TransactionsManager.swift; sourceTree = "<group>"; };
		1408F94A2B6BF4B60006FE75 /* SavingsManager.swift */ = {isa = PBXFileReference; lastKnownFileType = sourcecode.swift; path = SavingsManager.swift; sourceTree = "<group>"; };
		14BB45AC2B712875000E9E5E /* backgr.jpeg */ = {isa = PBXFileReference; lastKnownFileType = image.jpeg; path = backgr.jpeg; sourceTree = "<group>"; };
		14BB45B52B712C09000E9E5E /* StarlingTechChallengeTests.xctest */ = {isa = PBXFileReference; explicitFileType = wrapper.cfbundle; includeInIndex = 0; path = StarlingTechChallengeTests.xctest; sourceTree = BUILT_PRODUCTS_DIR; };
		14BB45B72B712C09000E9E5E /* StarlingTechChallengeTests.swift */ = {isa = PBXFileReference; lastKnownFileType = sourcecode.swift; path = StarlingTechChallengeTests.swift; sourceTree = "<group>"; };
		14BB45BE2B712E2F000E9E5E /* SavingsTests.swift */ = {isa = PBXFileReference; lastKnownFileType = sourcecode.swift; path = SavingsTests.swift; sourceTree = "<group>"; };
		14BB45C02B7138C6000E9E5E /* TransactionsTests.swift */ = {isa = PBXFileReference; lastKnownFileType = sourcecode.swift; path = TransactionsTests.swift; sourceTree = "<group>"; };
		14BB45C22B713F40000E9E5E /* AccountTests.swift */ = {isa = PBXFileReference; lastKnownFileType = sourcecode.swift; path = AccountTests.swift; sourceTree = "<group>"; };
		14D41FF82B6EABB400E376F7 /* TransactionAndSavingsGoalData.swift */ = {isa = PBXFileReference; lastKnownFileType = sourcecode.swift; path = TransactionAndSavingsGoalData.swift; sourceTree = "<group>"; };
		14D41FFA2B6EDEAF00E376F7 /* TransactionsViewController.swift */ = {isa = PBXFileReference; lastKnownFileType = sourcecode.swift; path = TransactionsViewController.swift; sourceTree = "<group>"; };
		14F7489E2B6D735000E128C0 /* TransferMoneyManager.swift */ = {isa = PBXFileReference; lastKnownFileType = sourcecode.swift; path = TransferMoneyManager.swift; sourceTree = "<group>"; };
/* End PBXFileReference section */

/* Begin PBXFrameworksBuildPhase section */
		1408F92A2B6BB5A00006FE75 /* Frameworks */ = {
			isa = PBXFrameworksBuildPhase;
			buildActionMask = 2147483647;
			files = (
			);
			runOnlyForDeploymentPostprocessing = 0;
		};
		14BB45B22B712C09000E9E5E /* Frameworks */ = {
			isa = PBXFrameworksBuildPhase;
			buildActionMask = 2147483647;
			files = (
			);
			runOnlyForDeploymentPostprocessing = 0;
		};
/* End PBXFrameworksBuildPhase section */

/* Begin PBXGroup section */
		1408F9242B6BB59F0006FE75 = {
			isa = PBXGroup;
			children = (
				1408F92F2B6BB5A00006FE75 /* StarlingTechChallenge */,
				14BB45B62B712C09000E9E5E /* StarlingTechChallengeTests */,
				1408F92E2B6BB5A00006FE75 /* Products */,
			);
			sourceTree = "<group>";
		};
		1408F92E2B6BB5A00006FE75 /* Products */ = {
			isa = PBXGroup;
			children = (
				1408F92D2B6BB5A00006FE75 /* StarlingTechChallenge.app */,
				14BB45B52B712C09000E9E5E /* StarlingTechChallengeTests.xctest */,
			);
			name = Products;
			sourceTree = "<group>";
		};
		1408F92F2B6BB5A00006FE75 /* StarlingTechChallenge */ = {
			isa = PBXGroup;
			children = (
				1408F9452B6BBDCA0006FE75 /* Model */,
				1408F9442B6BBA490006FE75 /* Controller */,
				1408F9302B6BB5A00006FE75 /* AppDelegate.swift */,
				1408F9322B6BB5A00006FE75 /* SceneDelegate.swift */,
				1408F9362B6BB5A00006FE75 /* Main.storyboard */,
				1408F9392B6BB5A20006FE75 /* Assets.xcassets */,
				1408F93B2B6BB5A20006FE75 /* LaunchScreen.storyboard */,
				1408F93E2B6BB5A20006FE75 /* Info.plist */,
				140369DD2B70443C00A4D0B1 /* background.png */,
				140369DF2B7044BF00A4D0B1 /* backgroundBG.png */,
				14BB45AC2B712875000E9E5E /* backgr.jpeg */,
			);
			path = StarlingTechChallenge;
			sourceTree = "<group>";
		};
		1408F9442B6BBA490006FE75 /* Controller */ = {
			isa = PBXGroup;
			children = (
				1408F9342B6BB5A00006FE75 /* ViewController.swift */,
				14D41FFA2B6EDEAF00E376F7 /* TransactionsViewController.swift */,
				140369E72B705DFD00A4D0B1 /* SavingGoalViewController.swift */,
			);
			path = Controller;
			sourceTree = "<group>";
		};
		1408F9452B6BBDCA0006FE75 /* Model */ = {
			isa = PBXGroup;
			children = (
				1408F9462B6BBE070006FE75 /* AccountsManager.swift */,
				1408F9482B6BE5E90006FE75 /* TransactionsManager.swift */,
				1408F94A2B6BF4B60006FE75 /* SavingsManager.swift */,
				14F7489E2B6D735000E128C0 /* TransferMoneyManager.swift */,
				14D41FF82B6EABB400E376F7 /* TransactionAndSavingsGoalData.swift */,
				140369E12B70486400A4D0B1 /* DisplaySavingsGoalManager.swift */,
			);
			path = Model;
			sourceTree = "<group>";
		};
		14BB45B62B712C09000E9E5E /* StarlingTechChallengeTests */ = {
			isa = PBXGroup;
			children = (
				14BB45B72B712C09000E9E5E /* StarlingTechChallengeTests.swift */,
				14BB45BE2B712E2F000E9E5E /* SavingsTests.swift */,
				14BB45C02B7138C6000E9E5E /* TransactionsTests.swift */,
				14BB45C22B713F40000E9E5E /* AccountTests.swift */,
			);
			path = StarlingTechChallengeTests;
			sourceTree = "<group>";
		};
/* End PBXGroup section */

/* Begin PBXNativeTarget section */
		1408F92C2B6BB5A00006FE75 /* StarlingTechChallenge */ = {
			isa = PBXNativeTarget;
			buildConfigurationList = 1408F9412B6BB5A20006FE75 /* Build configuration list for PBXNativeTarget "StarlingTechChallenge" */;
			buildPhases = (
				1408F9292B6BB5A00006FE75 /* Sources */,
				1408F92A2B6BB5A00006FE75 /* Frameworks */,
				1408F92B2B6BB5A00006FE75 /* Resources */,
			);
			buildRules = (
			);
			dependencies = (
			);
			name = StarlingTechChallenge;
			productName = StarlingTechChallenge;
			productReference = 1408F92D2B6BB5A00006FE75 /* StarlingTechChallenge.app */;
			productType = "com.apple.product-type.application";
		};
		14BB45B42B712C09000E9E5E /* StarlingTechChallengeTests */ = {
			isa = PBXNativeTarget;
			buildConfigurationList = 14BB45BB2B712C09000E9E5E /* Build configuration list for PBXNativeTarget "StarlingTechChallengeTests" */;
			buildPhases = (
				14BB45B12B712C09000E9E5E /* Sources */,
				14BB45B22B712C09000E9E5E /* Frameworks */,
				14BB45B32B712C09000E9E5E /* Resources */,
			);
			buildRules = (
			);
			dependencies = (
				14BB45BA2B712C09000E9E5E /* PBXTargetDependency */,
			);
			name = StarlingTechChallengeTests;
			productName = StarlingTechChallengeTests;
			productReference = 14BB45B52B712C09000E9E5E /* StarlingTechChallengeTests.xctest */;
			productType = "com.apple.product-type.bundle.unit-test";
		};
/* End PBXNativeTarget section */

/* Begin PBXProject section */
		1408F9252B6BB59F0006FE75 /* Project object */ = {
			isa = PBXProject;
			attributes = {
				BuildIndependentTargetsInParallel = 1;
				LastSwiftUpdateCheck = 1520;
				LastUpgradeCheck = 1520;
				TargetAttributes = {
					1408F92C2B6BB5A00006FE75 = {
						CreatedOnToolsVersion = 15.2;
					};
					14BB45B42B712C09000E9E5E = {
						CreatedOnToolsVersion = 15.2;
						TestTargetID = 1408F92C2B6BB5A00006FE75;
					};
				};
			};
			buildConfigurationList = 1408F9282B6BB59F0006FE75 /* Build configuration list for PBXProject "StarlingTechChallenge" */;
			compatibilityVersion = "Xcode 14.0";
			developmentRegion = en;
			hasScannedForEncodings = 0;
			knownRegions = (
				en,
				Base,
			);
			mainGroup = 1408F9242B6BB59F0006FE75;
			productRefGroup = 1408F92E2B6BB5A00006FE75 /* Products */;
			projectDirPath = "";
			projectRoot = "";
			targets = (
				1408F92C2B6BB5A00006FE75 /* StarlingTechChallenge */,
				14BB45B42B712C09000E9E5E /* StarlingTechChallengeTests */,
			);
		};
/* End PBXProject section */

/* Begin PBXResourcesBuildPhase section */
		1408F92B2B6BB5A00006FE75 /* Resources */ = {
			isa = PBXResourcesBuildPhase;
			buildActionMask = 2147483647;
			files = (
				1408F93D2B6BB5A20006FE75 /* LaunchScreen.storyboard in Resources */,
				14BB45AD2B712876000E9E5E /* backgr.jpeg in Resources */,
				140369DE2B70443C00A4D0B1 /* background.png in Resources */,
				1408F93A2B6BB5A20006FE75 /* Assets.xcassets in Resources */,
				140369E02B7044C000A4D0B1 /* backgroundBG.png in Resources */,
				1408F9382B6BB5A00006FE75 /* Main.storyboard in Resources */,
			);
			runOnlyForDeploymentPostprocessing = 0;
		};
		14BB45B32B712C09000E9E5E /* Resources */ = {
			isa = PBXResourcesBuildPhase;
			buildActionMask = 2147483647;
			files = (
			);
			runOnlyForDeploymentPostprocessing = 0;
		};
/* End PBXResourcesBuildPhase section */

/* Begin PBXSourcesBuildPhase section */
		1408F9292B6BB5A00006FE75 /* Sources */ = {
			isa = PBXSourcesBuildPhase;
			buildActionMask = 2147483647;
			files = (
				140369E82B705DFD00A4D0B1 /* SavingGoalViewController.swift in Sources */,
				14D41FF92B6EABB400E376F7 /* TransactionAndSavingsGoalData.swift in Sources */,
				140369E22B70486400A4D0B1 /* DisplaySavingsGoalManager.swift in Sources */,
				1408F9352B6BB5A00006FE75 /* ViewController.swift in Sources */,
				14D41FFB2B6EDEAF00E376F7 /* TransactionsViewController.swift in Sources */,
				14F7489F2B6D735000E128C0 /* TransferMoneyManager.swift in Sources */,
				1408F94B2B6BF4B60006FE75 /* SavingsManager.swift in Sources */,
				1408F9312B6BB5A00006FE75 /* AppDelegate.swift in Sources */,
				1408F9492B6BE5E90006FE75 /* TransactionsManager.swift in Sources */,
				1408F9332B6BB5A00006FE75 /* SceneDelegate.swift in Sources */,
				1408F9472B6BBE070006FE75 /* AccountsManager.swift in Sources */,
			);
			runOnlyForDeploymentPostprocessing = 0;
		};
		14BB45B12B712C09000E9E5E /* Sources */ = {
			isa = PBXSourcesBuildPhase;
			buildActionMask = 2147483647;
			files = (
				14BB45B82B712C09000E9E5E /* StarlingTechChallengeTests.swift in Sources */,
				14BB45C32B713F40000E9E5E /* AccountTests.swift in Sources */,
				14BB45BF2B712E2F000E9E5E /* SavingsTests.swift in Sources */,
				14BB45C12B7138C6000E9E5E /* TransactionsTests.swift in Sources */,
			);
			runOnlyForDeploymentPostprocessing = 0;
		};
/* End PBXSourcesBuildPhase section */

/* Begin PBXTargetDependency section */
		14BB45BA2B712C09000E9E5E /* PBXTargetDependency */ = {
			isa = PBXTargetDependency;
			target = 1408F92C2B6BB5A00006FE75 /* StarlingTechChallenge */;
			targetProxy = 14BB45B92B712C09000E9E5E /* PBXContainerItemProxy */;
		};
/* End PBXTargetDependency section */

/* Begin PBXVariantGroup section */
		1408F9362B6BB5A00006FE75 /* Main.storyboard */ = {
			isa = PBXVariantGroup;
			children = (
				1408F9372B6BB5A00006FE75 /* Base */,
			);
			name = Main.storyboard;
			sourceTree = "<group>";
		};
		1408F93B2B6BB5A20006FE75 /* LaunchScreen.storyboard */ = {
			isa = PBXVariantGroup;
			children = (
				1408F93C2B6BB5A20006FE75 /* Base */,
			);
			name = LaunchScreen.storyboard;
			sourceTree = "<group>";
		};
/* End PBXVariantGroup section */

/* Begin XCBuildConfiguration section */
		1408F93F2B6BB5A20006FE75 /* Debug */ = {
			isa = XCBuildConfiguration;
			buildSettings = {
				ALWAYS_SEARCH_USER_PATHS = NO;
				ASSETCATALOG_COMPILER_GENERATE_SWIFT_ASSET_SYMBOL_EXTENSIONS = YES;
				CLANG_ANALYZER_NONNULL = YES;
				CLANG_ANALYZER_NUMBER_OBJECT_CONVERSION = YES_AGGRESSIVE;
				CLANG_CXX_LANGUAGE_STANDARD = "gnu++20";
				CLANG_ENABLE_MODULES = YES;
				CLANG_ENABLE_OBJC_ARC = YES;
				CLANG_ENABLE_OBJC_WEAK = YES;
				CLANG_WARN_BLOCK_CAPTURE_AUTORELEASING = YES;
				CLANG_WARN_BOOL_CONVERSION = YES;
				CLANG_WARN_COMMA = YES;
				CLANG_WARN_CONSTANT_CONVERSION = YES;
				CLANG_WARN_DEPRECATED_OBJC_IMPLEMENTATIONS = YES;
				CLANG_WARN_DIRECT_OBJC_ISA_USAGE = YES_ERROR;
				CLANG_WARN_DOCUMENTATION_COMMENTS = YES;
				CLANG_WARN_EMPTY_BODY = YES;
				CLANG_WARN_ENUM_CONVERSION = YES;
				CLANG_WARN_INFINITE_RECURSION = YES;
				CLANG_WARN_INT_CONVERSION = YES;
				CLANG_WARN_NON_LITERAL_NULL_CONVERSION = YES;
				CLANG_WARN_OBJC_IMPLICIT_RETAIN_SELF = YES;
				CLANG_WARN_OBJC_LITERAL_CONVERSION = YES;
				CLANG_WARN_OBJC_ROOT_CLASS = YES_ERROR;
				CLANG_WARN_QUOTED_INCLUDE_IN_FRAMEWORK_HEADER = YES;
				CLANG_WARN_RANGE_LOOP_ANALYSIS = YES;
				CLANG_WARN_STRICT_PROTOTYPES = YES;
				CLANG_WARN_SUSPICIOUS_MOVE = YES;
				CLANG_WARN_UNGUARDED_AVAILABILITY = YES_AGGRESSIVE;
				CLANG_WARN_UNREACHABLE_CODE = YES;
				CLANG_WARN__DUPLICATE_METHOD_MATCH = YES;
				COPY_PHASE_STRIP = NO;
				DEBUG_INFORMATION_FORMAT = dwarf;
				ENABLE_STRICT_OBJC_MSGSEND = YES;
				ENABLE_TESTABILITY = YES;
				ENABLE_USER_SCRIPT_SANDBOXING = YES;
				GCC_C_LANGUAGE_STANDARD = gnu17;
				GCC_DYNAMIC_NO_PIC = NO;
				GCC_NO_COMMON_BLOCKS = YES;
				GCC_OPTIMIZATION_LEVEL = 0;
				GCC_PREPROCESSOR_DEFINITIONS = (
					"DEBUG=1",
					"$(inherited)",
				);
				GCC_WARN_64_TO_32_BIT_CONVERSION = YES;
				GCC_WARN_ABOUT_RETURN_TYPE = YES_ERROR;
				GCC_WARN_UNDECLARED_SELECTOR = YES;
				GCC_WARN_UNINITIALIZED_AUTOS = YES_AGGRESSIVE;
				GCC_WARN_UNUSED_FUNCTION = YES;
				GCC_WARN_UNUSED_VARIABLE = YES;
				IPHONEOS_DEPLOYMENT_TARGET = 17.2;
				LOCALIZATION_PREFERS_STRING_CATALOGS = YES;
				MTL_ENABLE_DEBUG_INFO = INCLUDE_SOURCE;
				MTL_FAST_MATH = YES;
				ONLY_ACTIVE_ARCH = YES;
				SDKROOT = iphoneos;
				SWIFT_ACTIVE_COMPILATION_CONDITIONS = "DEBUG $(inherited)";
				SWIFT_OPTIMIZATION_LEVEL = "-Onone";
			};
			name = Debug;
		};
		1408F9402B6BB5A20006FE75 /* Release */ = {
			isa = XCBuildConfiguration;
			buildSettings = {
				ALWAYS_SEARCH_USER_PATHS = NO;
				ASSETCATALOG_COMPILER_GENERATE_SWIFT_ASSET_SYMBOL_EXTENSIONS = YES;
				CLANG_ANALYZER_NONNULL = YES;
				CLANG_ANALYZER_NUMBER_OBJECT_CONVERSION = YES_AGGRESSIVE;
				CLANG_CXX_LANGUAGE_STANDARD = "gnu++20";
				CLANG_ENABLE_MODULES = YES;
				CLANG_ENABLE_OBJC_ARC = YES;
				CLANG_ENABLE_OBJC_WEAK = YES;
				CLANG_WARN_BLOCK_CAPTURE_AUTORELEASING = YES;
				CLANG_WARN_BOOL_CONVERSION = YES;
				CLANG_WARN_COMMA = YES;
				CLANG_WARN_CONSTANT_CONVERSION = YES;
				CLANG_WARN_DEPRECATED_OBJC_IMPLEMENTATIONS = YES;
				CLANG_WARN_DIRECT_OBJC_ISA_USAGE = YES_ERROR;
				CLANG_WARN_DOCUMENTATION_COMMENTS = YES;
				CLANG_WARN_EMPTY_BODY = YES;
				CLANG_WARN_ENUM_CONVERSION = YES;
				CLANG_WARN_INFINITE_RECURSION = YES;
				CLANG_WARN_INT_CONVERSION = YES;
				CLANG_WARN_NON_LITERAL_NULL_CONVERSION = YES;
				CLANG_WARN_OBJC_IMPLICIT_RETAIN_SELF = YES;
				CLANG_WARN_OBJC_LITERAL_CONVERSION = YES;
				CLANG_WARN_OBJC_ROOT_CLASS = YES_ERROR;
				CLANG_WARN_QUOTED_INCLUDE_IN_FRAMEWORK_HEADER = YES;
				CLANG_WARN_RANGE_LOOP_ANALYSIS = YES;
				CLANG_WARN_STRICT_PROTOTYPES = YES;
				CLANG_WARN_SUSPICIOUS_MOVE = YES;
				CLANG_WARN_UNGUARDED_AVAILABILITY = YES_AGGRESSIVE;
				CLANG_WARN_UNREACHABLE_CODE = YES;
				CLANG_WARN__DUPLICATE_METHOD_MATCH = YES;
				COPY_PHASE_STRIP = NO;
				DEBUG_INFORMATION_FORMAT = "dwarf-with-dsym";
				ENABLE_NS_ASSERTIONS = NO;
				ENABLE_STRICT_OBJC_MSGSEND = YES;
				ENABLE_USER_SCRIPT_SANDBOXING = YES;
				GCC_C_LANGUAGE_STANDARD = gnu17;
				GCC_NO_COMMON_BLOCKS = YES;
				GCC_WARN_64_TO_32_BIT_CONVERSION = YES;
				GCC_WARN_ABOUT_RETURN_TYPE = YES_ERROR;
				GCC_WARN_UNDECLARED_SELECTOR = YES;
				GCC_WARN_UNINITIALIZED_AUTOS = YES_AGGRESSIVE;
				GCC_WARN_UNUSED_FUNCTION = YES;
				GCC_WARN_UNUSED_VARIABLE = YES;
				IPHONEOS_DEPLOYMENT_TARGET = 17.2;
				LOCALIZATION_PREFERS_STRING_CATALOGS = YES;
				MTL_ENABLE_DEBUG_INFO = NO;
				MTL_FAST_MATH = YES;
				SDKROOT = iphoneos;
				SWIFT_COMPILATION_MODE = wholemodule;
				VALIDATE_PRODUCT = YES;
			};
			name = Release;
		};
		1408F9422B6BB5A20006FE75 /* Debug */ = {
			isa = XCBuildConfiguration;
			buildSettings = {
				ASSETCATALOG_COMPILER_APPICON_NAME = AppIcon;
				ASSETCATALOG_COMPILER_GLOBAL_ACCENT_COLOR_NAME = AccentColor;
				CODE_SIGN_STYLE = Automatic;
				CURRENT_PROJECT_VERSION = 1;
				DEVELOPMENT_TEAM = NW72UVV4M2;
				GENERATE_INFOPLIST_FILE = YES;
				INFOPLIST_FILE = StarlingTechChallenge/Info.plist;
				INFOPLIST_KEY_UIApplicationSupportsIndirectInputEvents = YES;
				INFOPLIST_KEY_UILaunchStoryboardName = LaunchScreen;
				INFOPLIST_KEY_UIMainStoryboardFile = Main;
				INFOPLIST_KEY_UISupportedInterfaceOrientations_iPad = "UIInterfaceOrientationPortrait UIInterfaceOrientationPortraitUpsideDown UIInterfaceOrientationLandscapeLeft UIInterfaceOrientationLandscapeRight";
				INFOPLIST_KEY_UISupportedInterfaceOrientations_iPhone = "UIInterfaceOrientationPortrait UIInterfaceOrientationLandscapeLeft UIInterfaceOrientationLandscapeRight";
				LD_RUNPATH_SEARCH_PATHS = (
					"$(inherited)",
					"@executable_path/Frameworks",
				);
				MARKETING_VERSION = 1.0;
				PRODUCT_BUNDLE_IDENTIFIER = com.soreya.StarlingTechChallenge;
				PRODUCT_NAME = "$(TARGET_NAME)";
				SWIFT_EMIT_LOC_STRINGS = YES;
				SWIFT_VERSION = 5.0;
				TARGETED_DEVICE_FAMILY = "1,2";
			};
			name = Debug;
		};
		1408F9432B6BB5A20006FE75 /* Release */ = {
			isa = XCBuildConfiguration;
			buildSettings = {
				ASSETCATALOG_COMPILER_APPICON_NAME = AppIcon;
				ASSETCATALOG_COMPILER_GLOBAL_ACCENT_COLOR_NAME = AccentColor;
				CODE_SIGN_STYLE = Automatic;
				CURRENT_PROJECT_VERSION = 1;
				DEVELOPMENT_TEAM = NW72UVV4M2;
				GENERATE_INFOPLIST_FILE = YES;
				INFOPLIST_FILE = StarlingTechChallenge/Info.plist;
				INFOPLIST_KEY_UIApplicationSupportsIndirectInputEvents = YES;
				INFOPLIST_KEY_UILaunchStoryboardName = LaunchScreen;
				INFOPLIST_KEY_UIMainStoryboardFile = Main;
				INFOPLIST_KEY_UISupportedInterfaceOrientations_iPad = "UIInterfaceOrientationPortrait UIInterfaceOrientationPortraitUpsideDown UIInterfaceOrientationLandscapeLeft UIInterfaceOrientationLandscapeRight";
				INFOPLIST_KEY_UISupportedInterfaceOrientations_iPhone = "UIInterfaceOrientationPortrait UIInterfaceOrientationLandscapeLeft UIInterfaceOrientationLandscapeRight";
				LD_RUNPATH_SEARCH_PATHS = (
					"$(inherited)",
					"@executable_path/Frameworks",
				);
				MARKETING_VERSION = 1.0;
				PRODUCT_BUNDLE_IDENTIFIER = com.soreya.StarlingTechChallenge;
				PRODUCT_NAME = "$(TARGET_NAME)";
				SWIFT_EMIT_LOC_STRINGS = YES;
				SWIFT_VERSION = 5.0;
				TARGETED_DEVICE_FAMILY = "1,2";
			};
			name = Release;
		};
		14BB45BC2B712C09000E9E5E /* Debug */ = {
			isa = XCBuildConfiguration;
			buildSettings = {
				BUNDLE_LOADER = "$(TEST_HOST)";
				CODE_SIGN_STYLE = Automatic;
				CURRENT_PROJECT_VERSION = 1;
				DEVELOPMENT_TEAM = NW72UVV4M2;
				GENERATE_INFOPLIST_FILE = YES;
				MARKETING_VERSION = 1.0;
				PRODUCT_BUNDLE_IDENTIFIER = com.soreya.StarlingTechChallengeTests;
				PRODUCT_NAME = "$(TARGET_NAME)";
				SWIFT_EMIT_LOC_STRINGS = NO;
				SWIFT_VERSION = 5.0;
				TARGETED_DEVICE_FAMILY = "1,2";
				TEST_HOST = "$(BUILT_PRODUCTS_DIR)/StarlingTechChallenge.app/$(BUNDLE_EXECUTABLE_FOLDER_PATH)/StarlingTechChallenge";
			};
			name = Debug;
		};
		14BB45BD2B712C09000E9E5E /* Release */ = {
			isa = XCBuildConfiguration;
			buildSettings = {
				BUNDLE_LOADER = "$(TEST_HOST)";
				CODE_SIGN_STYLE = Automatic;
				CURRENT_PROJECT_VERSION = 1;
				DEVELOPMENT_TEAM = NW72UVV4M2;
				GENERATE_INFOPLIST_FILE = YES;
				MARKETING_VERSION = 1.0;
				PRODUCT_BUNDLE_IDENTIFIER = com.soreya.StarlingTechChallengeTests;
				PRODUCT_NAME = "$(TARGET_NAME)";
				SWIFT_EMIT_LOC_STRINGS = NO;
				SWIFT_VERSION = 5.0;
				TARGETED_DEVICE_FAMILY = "1,2";
				TEST_HOST = "$(BUILT_PRODUCTS_DIR)/StarlingTechChallenge.app/$(BUNDLE_EXECUTABLE_FOLDER_PATH)/StarlingTechChallenge";
			};
			name = Release;
		};
/* End XCBuildConfiguration section */

/* Begin XCConfigurationList section */
		1408F9282B6BB59F0006FE75 /* Build configuration list for PBXProject "StarlingTechChallenge" */ = {
			isa = XCConfigurationList;
			buildConfigurations = (
				1408F93F2B6BB5A20006FE75 /* Debug */,
				1408F9402B6BB5A20006FE75 /* Release */,
			);
			defaultConfigurationIsVisible = 0;
			defaultConfigurationName = Release;
		};
		1408F9412B6BB5A20006FE75 /* Build configuration list for PBXNativeTarget "StarlingTechChallenge" */ = {
			isa = XCConfigurationList;
			buildConfigurations = (
				1408F9422B6BB5A20006FE75 /* Debug */,
				1408F9432B6BB5A20006FE75 /* Release */,
			);
			defaultConfigurationIsVisible = 0;
			defaultConfigurationName = Release;
		};
		14BB45BB2B712C09000E9E5E /* Build configuration list for PBXNativeTarget "StarlingTechChallengeTests" */ = {
			isa = XCConfigurationList;
			buildConfigurations = (
				14BB45BC2B712C09000E9E5E /* Debug */,
				14BB45BD2B712C09000E9E5E /* Release */,
			);
			defaultConfigurationIsVisible = 0;
			defaultConfigurationName = Release;
		};
/* End XCConfigurationList section */
	};
	rootObject = 1408F9252B6BB59F0006FE75 /* Project object */;
}
