<?xml version="1.0" encoding="UTF-8"?>
<Scheme
   LastUpgradeVersion = "1520"
   version = "1.7">
   <BuildAction
      parallelizeBuildables = "YES"
      buildImplicitDependencies = "YES">
      <BuildActionEntries>
         <BuildActionEntry
            buildForTesting = "YES"
            buildForRunning = "YES"
            buildForProfiling = "YES"
            buildForArchiving = "YES"
            buildForAnalyzing = "YES">
            <BuildableReference
               BuildableIdentifier = "primary"
               BlueprintIdentifier = "1408F92C2B6BB5A00006FE75"
               BuildableName = "StarlingTechChallenge.app"
               BlueprintName = "StarlingTechChallenge"
               ReferencedContainer = "container:StarlingTechChallenge.xcodeproj">
            </BuildableReference>
         </BuildActionEntry>
      </BuildActionEntries>
   </BuildAction>
   <TestAction
      buildConfiguration = "Debug"
      selectedDebuggerIdentifier = "Xcode.DebuggerFoundation.Debugger.LLDB"
      selectedLauncherIdentifier = "Xcode.DebuggerFoundation.Launcher.LLDB"
      shouldUseLaunchSchemeArgsEnv = "YES"
      shouldAutocreateTestPlan = "YES">
   </TestAction>
   <LaunchAction
      buildConfiguration = "Debug"
      selectedDebuggerIdentifier = "Xcode.DebuggerFoundation.Debugger.LLDB"
      selectedLauncherIdentifier = "Xcode.DebuggerFoundation.Launcher.LLDB"
      launchStyle = "0"
      useCustomWorkingDirectory = "NO"
      ignoresPersistentStateOnLaunch = "NO"
      debugDocumentVersioning = "YES"
      debugServiceExtension = "internal"
      allowLocationSimulation = "YES">
      <BuildableProductRunnable
         runnableDebuggingMode = "0">
         <BuildableReference
            BuildableIdentifier = "primary"
            BlueprintIdentifier = "1408F92C2B6BB5A00006FE75"
            BuildableName = "StarlingTechChallenge.app"
            BlueprintName = "StarlingTechChallenge"
            ReferencedContainer = "container:StarlingTechChallenge.xcodeproj">
         </BuildableReference>
      </BuildableProductRunnable>
      <EnvironmentVariables>
         <EnvironmentVariable
            key = "ACCESS_TOKEN"
            value = "eyJhbGciOiJQUzI1NiIsInppcCI6IkdaSVAifQ.H4sIAAAAAAAA_21Ty5KcMAz8lRTn1Rav4XXLLT-QDxCyPONasCnbzGYrlX-PwTAMU3uju6WWZIm_iXIu6RKcFAgezbvzaAelrz3qj3cyY_KWuLkPEWnati3JErKiFlCmuQQUtYS-xCzNq7LJawzB_GdKuqxOq7YpijR7SxT6SDRt1S4EEplZ-19mEGx_K7F5I2cN9FUVvGtZQVPTBURWihSRCtEXwdubD9YxI6uytqjaAmSeX6AsygyajFLoL01TFtSnmOchI4z1k4idO-pUXAioMiygbBDDDNQAZalkupRpn5fLwGQmXh4ldgq3tVXQOHJnGcWPF8F_TS-CEqy9kortmR-U8ydmA0LY0GTHQvkHiIr3SLeRH5GzvxmrXNgQKC3UXYkZh6j1OKCmrRNCK4CM9tYM0XdhNs1oqeyIXhkNRoKctdjq0ey8Gfe2eUS1ZY-oBXruBA_s-QHXsJE9BoQdBbiIO14zJ_xi3qUINpMIjiBQI143z6gdn-Ataoe09PygYTAUpj-8IwFmeYZXdsuyRqphLxVrn6g1yjKxmvwJuLP0aVVwd3gPq3BwNUcfJ24b9cStPs9MHE6GZ__G4hC_8TrEaEo3FvPAAsLYx9U49j4MOE8bnHA_k_C7hysKx2SseCp_Zve6Z_abfDCf-sF7XhoAcvdXahIyUs87XVfxuuTk338swQXFoQQAAA.vXvIvgRPi1ln0OmBdInfArryi1CkOWgGudR6RUVuzZ6QjBD2q0Q9JBj2kmU_XA7y98zL8o8dp_58egpcSRjRvE38WF0zm2nQuVRdEPAqJYIo7kEw0q4swvAFbTtL8Y2zADGAqjuLf_v8F5yHozlOPq5z1kLm0pvEunzC8z1z9L8KddylTiHlklQhvfzoWqhewI5mRimo7u3OpAefQvzlaHaSvBabOMRT4hD--HXLtztM5DTMTEtYwgRAGgBNqFRqeU2y8PA6KydiJ-JTd7Jo_U_HERXmU2uPBuZwShIQTyJqp9Yh-YWlwL6lWOZdC14WBqGNVeTnKLOstKRYoIYB1EZmF2f-2k9mw2anQv87VhMUZ-XLzRwZdhe0SdmCICODji832K2ZH0zfqj--JOImmXzpq774KAic_fiQ6h0eSxaNqkIIeTgXtRgRF-vGwL_5UKOGqkQtmRW8y6Hg8lhY_i8QdW6Z9PQItBRt9oeI3n2BUinfDaBswbHbW7hEeGqleqxl9XD7oTHf-h3SuWxvKMUW3E1F0YbcZbB3x4fEmOzB4QbV0vtoJJmPmup-8jID5o2HSdDlNDbYEP6Yr6ju9eUtLS3QfXLgWu9MiiAlHEX-Hg2VkTQMcvVSr7Z0NWx7B_WNuuds1CilKugE_pTZJguzVqhtM3lIAsA_i8D6abg"
            isEnabled = "YES">
         </EnvironmentVariable>
         <EnvironmentVariable
            key = "ACCOUNT_UID"
            value = "0099fd99-45e9-4266-899f-59ce8341b3e8"
            isEnabled = "YES">
         </EnvironmentVariable>
      </EnvironmentVariables>
   </LaunchAction>
   <ProfileAction
      buildConfiguration = "Release"
      shouldUseLaunchSchemeArgsEnv = "YES"
      savedToolIdentifier = ""
      useCustomWorkingDirectory = "NO"
      debugDocumentVersioning = "YES">
      <BuildableProductRunnable
         runnableDebuggingMode = "0">
         <BuildableReference
            BuildableIdentifier = "primary"
            BlueprintIdentifier = "1408F92C2B6BB5A00006FE75"
            BuildableName = "StarlingTechChallenge.app"
            BlueprintName = "StarlingTechChallenge"
            ReferencedContainer = "container:StarlingTechChallenge.xcodeproj">
         </BuildableReference>
      </BuildableProductRunnable>
   </ProfileAction>
   <AnalyzeAction
      buildConfiguration = "Debug">
   </AnalyzeAction>
   <ArchiveAction
      buildConfiguration = "Release"
      revealArchiveInOrganizer = "YES">
   </ArchiveAction>
</Scheme>
